
Microsoft Visual Studio Solution File, Format Version 12.00
# Visual Studio Version 17
VisualStudioVersion = 17.10.35201.131
MinimumVisualStudioVersion = 10.0.40219.1
Project("{8BC9CEB8-8B4A-11D0-8D11-00A0C91BC942}") = "001_HelloWorld", "001_HelloWorld\001_HelloWorld.vcxproj", "{9DE41A7A-D1EA-476E-82B9-202CE62AF41F}"
EndProject
Project("{8BC9CEB8-8B4A-11D0-8D11-00A0C91BC942}") = "002_name", "002_name\002_name.vcxproj", "{C546B924-5EE0-49C8-9F77-666A1A7B10DF}"
EndProject
Project("{8BC9CEB8-8B4A-11D0-8D11-00A0C91BC942}") = "003_smallest", "003_smallest\003_smallest.vcxproj", "{426CF45F-4941-497A-A7C7-80D7F10FB97D}"
EndProject
Project("{8BC9CEB8-8B4A-11D0-8D11-00A0C91BC942}") = "004_애국가", "004_애국가\004_애국가.vcxproj", "{0E116844-3BDE-43CB-B638-A6CC10CAADD5}"
EndProject
Project("{8BC9CEB8-8B4A-11D0-8D11-00A0C91BC942}") = "005_plus", "005_plus\005_plus.vcxproj", "{0044DACC-2FED-4F6A-81B1-9604A96613B0}"
EndProject
Project("{8BC9CEB8-8B4A-11D0-8D11-00A0C91BC942}") = "006_format", "006_format\006_format.vcxproj", "{CADD74B0-BD70-41C4-9E1D-B9CAF67D61F4}"
EndProject
Project("{8BC9CEB8-8B4A-11D0-8D11-00A0C91BC942}") = "007_variable", "007_variable\007_variable.vcxproj", "{8B381484-FEF9-4245-A988-57145E800255}"
EndProject
Project("{8BC9CEB8-8B4A-11D0-8D11-00A0C91BC942}") = "008_arithmetic", "008_arithmetic\008_arithmetic.vcxproj", "{C35997D3-8162-4873-8D26-8A5550C37F4F}"
EndProject
Project("{8BC9CEB8-8B4A-11D0-8D11-00A0C91BC942}") = "009_sizeof", "009_sizeof\009_sizeof.vcxproj", "{306F61C1-475E-4922-9C76-6F496C05605C}"
EndProject
Project("{8BC9CEB8-8B4A-11D0-8D11-00A0C91BC942}") = "010_type", "010_type\010_type.vcxproj", "{20436A85-7DF1-423E-AD62-752498F18689}"
EndProject
Project("{8BC9CEB8-8B4A-11D0-8D11-00A0C91BC942}") = "011_average", "011_average\011_average.vcxproj", "{4A4B55DB-B27B-4FC8-B389-5BA8C9A0BC8D}"
EndProject
Project("{8BC9CEB8-8B4A-11D0-8D11-00A0C91BC942}") = "012_ascii", "012_ascii\012_ascii.vcxproj", "{FE65D4F9-2E5C-4103-BCF6-A31ABA2EC2EA}"
EndProject
Project("{8BC9CEB8-8B4A-11D0-8D11-00A0C91BC942}") = "013_ASCII2", "013_ASCII2\013_ASCII2.vcxproj", "{F49325FC-F0BE-434A-A627-F6FC60000ADF}"
EndProject
Project("{8BC9CEB8-8B4A-11D0-8D11-00A0C91BC942}") = "014_increment", "014_increment\014_increment.vcxproj", "{91B9A17B-6452-41E0-9F4F-B9AD07C201CF}"
EndProject
Project("{8BC9CEB8-8B4A-11D0-8D11-00A0C91BC942}") = "015_relationalOp", "015_relationalOp\015_relationalOp.vcxproj", "{126E4540-AE2A-4561-A5A8-A88BB02E3136}"
EndProject
Project("{8BC9CEB8-8B4A-11D0-8D11-00A0C91BC942}") = "016_logicalOp", "016_logicalOp\016_logicalOp.vcxproj", "{CF3DD10D-33C0-4638-8A7B-CE27E0F37FEA}"
EndProject
Global
	GlobalSection(SolutionConfigurationPlatforms) = preSolution
		Debug|x64 = Debug|x64
		Debug|x86 = Debug|x86
		Release|x64 = Release|x64
		Release|x86 = Release|x86
	EndGlobalSection
	GlobalSection(ProjectConfigurationPlatforms) = postSolution
		{9DE41A7A-D1EA-476E-82B9-202CE62AF41F}.Debug|x64.ActiveCfg = Debug|x64
		{9DE41A7A-D1EA-476E-82B9-202CE62AF41F}.Debug|x64.Build.0 = Debug|x64
		{9DE41A7A-D1EA-476E-82B9-202CE62AF41F}.Debug|x86.ActiveCfg = Debug|Win32
		{9DE41A7A-D1EA-476E-82B9-202CE62AF41F}.Debug|x86.Build.0 = Debug|Win32
		{9DE41A7A-D1EA-476E-82B9-202CE62AF41F}.Release|x64.ActiveCfg = Release|x64
		{9DE41A7A-D1EA-476E-82B9-202CE62AF41F}.Release|x64.Build.0 = Release|x64
		{9DE41A7A-D1EA-476E-82B9-202CE62AF41F}.Release|x86.ActiveCfg = Release|Win32
		{9DE41A7A-D1EA-476E-82B9-202CE62AF41F}.Release|x86.Build.0 = Release|Win32
		{C546B924-5EE0-49C8-9F77-666A1A7B10DF}.Debug|x64.ActiveCfg = Debug|x64
		{C546B924-5EE0-49C8-9F77-666A1A7B10DF}.Debug|x64.Build.0 = Debug|x64
		{C546B924-5EE0-49C8-9F77-666A1A7B10DF}.Debug|x86.ActiveCfg = Debug|Win32
		{C546B924-5EE0-49C8-9F77-666A1A7B10DF}.Debug|x86.Build.0 = Debug|Win32
		{C546B924-5EE0-49C8-9F77-666A1A7B10DF}.Release|x64.ActiveCfg = Release|x64
		{C546B924-5EE0-49C8-9F77-666A1A7B10DF}.Release|x64.Build.0 = Release|x64
		{C546B924-5EE0-49C8-9F77-666A1A7B10DF}.Release|x86.ActiveCfg = Release|Win32
		{C546B924-5EE0-49C8-9F77-666A1A7B10DF}.Release|x86.Build.0 = Release|Win32
		{426CF45F-4941-497A-A7C7-80D7F10FB97D}.Debug|x64.ActiveCfg = Debug|x64
		{426CF45F-4941-497A-A7C7-80D7F10FB97D}.Debug|x64.Build.0 = Debug|x64
		{426CF45F-4941-497A-A7C7-80D7F10FB97D}.Debug|x86.ActiveCfg = Debug|Win32
		{426CF45F-4941-497A-A7C7-80D7F10FB97D}.Debug|x86.Build.0 = Debug|Win32
		{426CF45F-4941-497A-A7C7-80D7F10FB97D}.Release|x64.ActiveCfg = Release|x64
		{426CF45F-4941-497A-A7C7-80D7F10FB97D}.Release|x64.Build.0 = Release|x64
		{426CF45F-4941-497A-A7C7-80D7F10FB97D}.Release|x86.ActiveCfg = Release|Win32
		{426CF45F-4941-497A-A7C7-80D7F10FB97D}.Release|x86.Build.0 = Release|Win32
		{0E116844-3BDE-43CB-B638-A6CC10CAADD5}.Debug|x64.ActiveCfg = Debug|x64
		{0E116844-3BDE-43CB-B638-A6CC10CAADD5}.Debug|x64.Build.0 = Debug|x64
		{0E116844-3BDE-43CB-B638-A6CC10CAADD5}.Debug|x86.ActiveCfg = Debug|Win32
		{0E116844-3BDE-43CB-B638-A6CC10CAADD5}.Debug|x86.Build.0 = Debug|Win32
		{0E116844-3BDE-43CB-B638-A6CC10CAADD5}.Release|x64.ActiveCfg = Release|x64
		{0E116844-3BDE-43CB-B638-A6CC10CAADD5}.Release|x64.Build.0 = Release|x64
		{0E116844-3BDE-43CB-B638-A6CC10CAADD5}.Release|x86.ActiveCfg = Release|Win32
		{0E116844-3BDE-43CB-B638-A6CC10CAADD5}.Release|x86.Build.0 = Release|Win32
		{0044DACC-2FED-4F6A-81B1-9604A96613B0}.Debug|x64.ActiveCfg = Debug|x64
		{0044DACC-2FED-4F6A-81B1-9604A96613B0}.Debug|x64.Build.0 = Debug|x64
		{0044DACC-2FED-4F6A-81B1-9604A96613B0}.Debug|x86.ActiveCfg = Debug|Win32
		{0044DACC-2FED-4F6A-81B1-9604A96613B0}.Debug|x86.Build.0 = Debug|Win32
		{0044DACC-2FED-4F6A-81B1-9604A96613B0}.Release|x64.ActiveCfg = Release|x64
		{0044DACC-2FED-4F6A-81B1-9604A96613B0}.Release|x64.Build.0 = Release|x64
		{0044DACC-2FED-4F6A-81B1-9604A96613B0}.Release|x86.ActiveCfg = Release|Win32
		{0044DACC-2FED-4F6A-81B1-9604A96613B0}.Release|x86.Build.0 = Release|Win32
		{CADD74B0-BD70-41C4-9E1D-B9CAF67D61F4}.Debug|x64.ActiveCfg = Debug|x64
		{CADD74B0-BD70-41C4-9E1D-B9CAF67D61F4}.Debug|x64.Build.0 = Debug|x64
		{CADD74B0-BD70-41C4-9E1D-B9CAF67D61F4}.Debug|x86.ActiveCfg = Debug|Win32
		{CADD74B0-BD70-41C4-9E1D-B9CAF67D61F4}.Debug|x86.Build.0 = Debug|Win32
		{CADD74B0-BD70-41C4-9E1D-B9CAF67D61F4}.Release|x64.ActiveCfg = Release|x64
		{CADD74B0-BD70-41C4-9E1D-B9CAF67D61F4}.Release|x64.Build.0 = Release|x64
		{CADD74B0-BD70-41C4-9E1D-B9CAF67D61F4}.Release|x86.ActiveCfg = Release|Win32
		{CADD74B0-BD70-41C4-9E1D-B9CAF67D61F4}.Release|x86.Build.0 = Release|Win32
		{8B381484-FEF9-4245-A988-57145E800255}.Debug|x64.ActiveCfg = Debug|x64
		{8B381484-FEF9-4245-A988-57145E800255}.Debug|x64.Build.0 = Debug|x64
		{8B381484-FEF9-4245-A988-57145E800255}.Debug|x86.ActiveCfg = Debug|Win32
		{8B381484-FEF9-4245-A988-57145E800255}.Debug|x86.Build.0 = Debug|Win32
		{8B381484-FEF9-4245-A988-57145E800255}.Release|x64.ActiveCfg = Release|x64
		{8B381484-FEF9-4245-A988-57145E800255}.Release|x64.Build.0 = Release|x64
		{8B381484-FEF9-4245-A988-57145E800255}.Release|x86.ActiveCfg = Release|Win32
		{8B381484-FEF9-4245-A988-57145E800255}.Release|x86.Build.0 = Release|Win32
		{C35997D3-8162-4873-8D26-8A5550C37F4F}.Debug|x64.ActiveCfg = Debug|x64
		{C35997D3-8162-4873-8D26-8A5550C37F4F}.Debug|x64.Build.0 = Debug|x64
		{C35997D3-8162-4873-8D26-8A5550C37F4F}.Debug|x86.ActiveCfg = Debug|Win32
		{C35997D3-8162-4873-8D26-8A5550C37F4F}.Debug|x86.Build.0 = Debug|Win32
		{C35997D3-8162-4873-8D26-8A5550C37F4F}.Release|x64.ActiveCfg = Release|x64
		{C35997D3-8162-4873-8D26-8A5550C37F4F}.Release|x64.Build.0 = Release|x64
		{C35997D3-8162-4873-8D26-8A5550C37F4F}.Release|x86.ActiveCfg = Release|Win32
		{C35997D3-8162-4873-8D26-8A5550C37F4F}.Release|x86.Build.0 = Release|Win32
		{306F61C1-475E-4922-9C76-6F496C05605C}.Debug|x64.ActiveCfg = Debug|x64
		{306F61C1-475E-4922-9C76-6F496C05605C}.Debug|x64.Build.0 = Debug|x64
		{306F61C1-475E-4922-9C76-6F496C05605C}.Debug|x86.ActiveCfg = Debug|Win32
		{306F61C1-475E-4922-9C76-6F496C05605C}.Debug|x86.Build.0 = Debug|Win32
		{306F61C1-475E-4922-9C76-6F496C05605C}.Release|x64.ActiveCfg = Release|x64
		{306F61C1-475E-4922-9C76-6F496C05605C}.Release|x64.Build.0 = Release|x64
		{306F61C1-475E-4922-9C76-6F496C05605C}.Release|x86.ActiveCfg = Release|Win32
		{306F61C1-475E-4922-9C76-6F496C05605C}.Release|x86.Build.0 = Release|Win32
		{20436A85-7DF1-423E-AD62-752498F18689}.Debug|x64.ActiveCfg = Debug|x64
		{20436A85-7DF1-423E-AD62-752498F18689}.Debug|x64.Build.0 = Debug|x64
		{20436A85-7DF1-423E-AD62-752498F18689}.Debug|x86.ActiveCfg = Debug|Win32
		{20436A85-7DF1-423E-AD62-752498F18689}.Debug|x86.Build.0 = Debug|Win32
		{20436A85-7DF1-423E-AD62-752498F18689}.Release|x64.ActiveCfg = Release|x64
		{20436A85-7DF1-423E-AD62-752498F18689}.Release|x64.Build.0 = Release|x64
		{20436A85-7DF1-423E-AD62-752498F18689}.Release|x86.ActiveCfg = Release|Win32
		{20436A85-7DF1-423E-AD62-752498F18689}.Release|x86.Build.0 = Release|Win32
		{4A4B55DB-B27B-4FC8-B389-5BA8C9A0BC8D}.Debug|x64.ActiveCfg = Debug|x64
		{4A4B55DB-B27B-4FC8-B389-5BA8C9A0BC8D}.Debug|x64.Build.0 = Debug|x64
		{4A4B55DB-B27B-4FC8-B389-5BA8C9A0BC8D}.Debug|x86.ActiveCfg = Debug|Win32
		{4A4B55DB-B27B-4FC8-B389-5BA8C9A0BC8D}.Debug|x86.Build.0 = Debug|Win32
		{4A4B55DB-B27B-4FC8-B389-5BA8C9A0BC8D}.Release|x64.ActiveCfg = Release|x64
		{4A4B55DB-B27B-4FC8-B389-5BA8C9A0BC8D}.Release|x64.Build.0 = Release|x64
		{4A4B55DB-B27B-4FC8-B389-5BA8C9A0BC8D}.Release|x86.ActiveCfg = Release|Win32
		{4A4B55DB-B27B-4FC8-B389-5BA8C9A0BC8D}.Release|x86.Build.0 = Release|Win32
		{FE65D4F9-2E5C-4103-BCF6-A31ABA2EC2EA}.Debug|x64.ActiveCfg = Debug|x64
		{FE65D4F9-2E5C-4103-BCF6-A31ABA2EC2EA}.Debug|x64.Build.0 = Debug|x64
		{FE65D4F9-2E5C-4103-BCF6-A31ABA2EC2EA}.Debug|x86.ActiveCfg = Debug|Win32
		{FE65D4F9-2E5C-4103-BCF6-A31ABA2EC2EA}.Debug|x86.Build.0 = Debug|Win32
		{FE65D4F9-2E5C-4103-BCF6-A31ABA2EC2EA}.Release|x64.ActiveCfg = Release|x64
		{FE65D4F9-2E5C-4103-BCF6-A31ABA2EC2EA}.Release|x64.Build.0 = Release|x64
		{FE65D4F9-2E5C-4103-BCF6-A31ABA2EC2EA}.Release|x86.ActiveCfg = Release|Win32
		{FE65D4F9-2E5C-4103-BCF6-A31ABA2EC2EA}.Release|x86.Build.0 = Release|Win32
		{F49325FC-F0BE-434A-A627-F6FC60000ADF}.Debug|x64.ActiveCfg = Debug|x64
		{F49325FC-F0BE-434A-A627-F6FC60000ADF}.Debug|x64.Build.0 = Debug|x64
		{F49325FC-F0BE-434A-A627-F6FC60000ADF}.Debug|x86.ActiveCfg = Debug|Win32
		{F49325FC-F0BE-434A-A627-F6FC60000ADF}.Debug|x86.Build.0 = Debug|Win32
		{F49325FC-F0BE-434A-A627-F6FC60000ADF}.Release|x64.ActiveCfg = Release|x64
		{F49325FC-F0BE-434A-A627-F6FC60000ADF}.Release|x64.Build.0 = Release|x64
		{F49325FC-F0BE-434A-A627-F6FC60000ADF}.Release|x86.ActiveCfg = Release|Win32
		{F49325FC-F0BE-434A-A627-F6FC60000ADF}.Release|x86.Build.0 = Release|Win32
		{91B9A17B-6452-41E0-9F4F-B9AD07C201CF}.Debug|x64.ActiveCfg = Debug|x64
		{91B9A17B-6452-41E0-9F4F-B9AD07C201CF}.Debug|x64.Build.0 = Debug|x64
		{91B9A17B-6452-41E0-9F4F-B9AD07C201CF}.Debug|x86.ActiveCfg = Debug|Win32
		{91B9A17B-6452-41E0-9F4F-B9AD07C201CF}.Debug|x86.Build.0 = Debug|Win32
		{91B9A17B-6452-41E0-9F4F-B9AD07C201CF}.Release|x64.ActiveCfg = Release|x64
		{91B9A17B-6452-41E0-9F4F-B9AD07C201CF}.Release|x64.Build.0 = Release|x64
		{91B9A17B-6452-41E0-9F4F-B9AD07C201CF}.Release|x86.ActiveCfg = Release|Win32
		{91B9A17B-6452-41E0-9F4F-B9AD07C201CF}.Release|x86.Build.0 = Release|Win32
		{126E4540-AE2A-4561-A5A8-A88BB02E3136}.Debug|x64.ActiveCfg = Debug|x64
		{126E4540-AE2A-4561-A5A8-A88BB02E3136}.Debug|x64.Build.0 = Debug|x64
		{126E4540-AE2A-4561-A5A8-A88BB02E3136}.Debug|x86.ActiveCfg = Debug|Win32
		{126E4540-AE2A-4561-A5A8-A88BB02E3136}.Debug|x86.Build.0 = Debug|Win32
		{126E4540-AE2A-4561-A5A8-A88BB02E3136}.Release|x64.ActiveCfg = Release|x64
		{126E4540-AE2A-4561-A5A8-A88BB02E3136}.Release|x64.Build.0 = Release|x64
		{126E4540-AE2A-4561-A5A8-A88BB02E3136}.Release|x86.ActiveCfg = Release|Win32
		{126E4540-AE2A-4561-A5A8-A88BB02E3136}.Release|x86.Build.0 = Release|Win32
		{CF3DD10D-33C0-4638-8A7B-CE27E0F37FEA}.Debug|x64.ActiveCfg = Debug|x64
		{CF3DD10D-33C0-4638-8A7B-CE27E0F37FEA}.Debug|x64.Build.0 = Debug|x64
		{CF3DD10D-33C0-4638-8A7B-CE27E0F37FEA}.Debug|x86.ActiveCfg = Debug|Win32
		{CF3DD10D-33C0-4638-8A7B-CE27E0F37FEA}.Debug|x86.Build.0 = Debug|Win32
		{CF3DD10D-33C0-4638-8A7B-CE27E0F37FEA}.Release|x64.ActiveCfg = Release|x64
		{CF3DD10D-33C0-4638-8A7B-CE27E0F37FEA}.Release|x64.Build.0 = Release|x64
		{CF3DD10D-33C0-4638-8A7B-CE27E0F37FEA}.Release|x86.ActiveCfg = Release|Win32
		{CF3DD10D-33C0-4638-8A7B-CE27E0F37FEA}.Release|x86.Build.0 = Release|Win32
	EndGlobalSection
	GlobalSection(SolutionProperties) = preSolution
		HideSolutionNode = FALSE
	EndGlobalSection
	GlobalSection(ExtensibilityGlobals) = postSolution
		SolutionGuid = {FA0D77B1-5F83-4B93-847A-5E41DEA97C34}
	EndGlobalSection
EndGlobal
