
Microsoft Visual Studio Solution File, Format Version 12.00
# Visual Studio Version 17
VisualStudioVersion = 17.10.35201.131
MinimumVisualStudioVersion = 10.0.40219.1
Project("{8BC9CEB8-8B4A-11D0-8D11-00A0C91BC942}") = "001_HelloWorld", "001_HelloWorld\001_HelloWorld.vcxproj", "{9DE41A7A-D1EA-476E-82B9-202CE62AF41F}"
EndProject
Project("{8BC9CEB8-8B4A-11D0-8D11-00A0C91BC942}") = "002_name", "002_name\002_name.vcxproj", "{C546B924-5EE0-49C8-9F77-666A1A7B10DF}"
EndProject
Project("{8BC9CEB8-8B4A-11D0-8D11-00A0C91BC942}") = "003_smallest", "003_smallest\003_smallest.vcxproj", "{426CF45F-4941-497A-A7C7-80D7F10FB97D}"
EndProject
Project("{8BC9CEB8-8B4A-11D0-8D11-00A0C91BC942}") = "004_애국가", "004_애국가\004_애국가.vcxproj", "{0E116844-3BDE-43CB-B638-A6CC10CAADD5}"
EndProject
Project("{8BC9CEB8-8B4A-11D0-8D11-00A0C91BC942}") = "005_plus", "005_plus\005_plus.vcxproj", "{0044DACC-2FED-4F6A-81B1-9604A96613B0}"
EndProject
Project("{8BC9CEB8-8B4A-11D0-8D11-00A0C91BC942}") = "006_format", "006_format\006_format.vcxproj", "{CADD74B0-BD70-41C4-9E1D-B9CAF67D61F4}"
EndProject
Project("{8BC9CEB8-8B4A-11D0-8D11-00A0C91BC942}") = "007_variable", "007_variable\007_variable.vcxproj", "{8B381484-FEF9-4245-A988-57145E800255}"
EndProject
Project("{8BC9CEB8-8B4A-11D0-8D11-00A0C91BC942}") = "008_arithmetic", "008_arithmetic\008_arithmetic.vcxproj", "{C35997D3-8162-4873-8D26-8A5550C37F4F}"
EndProject
Project("{8BC9CEB8-8B4A-11D0-8D11-00A0C91BC942}") = "009_sizeof", "009_sizeof\009_sizeof.vcxproj", "{306F61C1-475E-4922-9C76-6F496C05605C}"
EndProject
Project("{8BC9CEB8-8B4A-11D0-8D11-00A0C91BC942}") = "010_type", "010_type\010_type.vcxproj", "{20436A85-7DF1-423E-AD62-752498F18689}"
EndProject
Project("{8BC9CEB8-8B4A-11D0-8D11-00A0C91BC942}") = "011_average", "011_average\011_average.vcxproj", "{4A4B55DB-B27B-4FC8-B389-5BA8C9A0BC8D}"
EndProject
Project("{8BC9CEB8-8B4A-11D0-8D11-00A0C91BC942}") = "012_ascii", "012_ascii\012_ascii.vcxproj", "{FE65D4F9-2E5C-4103-BCF6-A31ABA2EC2EA}"
EndProject
Project("{8BC9CEB8-8B4A-11D0-8D11-00A0C91BC942}") = "013_ASCII2", "013_ASCII2\013_ASCII2.vcxproj", "{F49325FC-F0BE-434A-A627-F6FC60000ADF}"
EndProject
Project("{8BC9CEB8-8B4A-11D0-8D11-00A0C91BC942}") = "014_increment", "014_increment\014_increment.vcxproj", "{91B9A17B-6452-41E0-9F4F-B9AD07C201CF}"
EndProject
Project("{8BC9CEB8-8B4A-11D0-8D11-00A0C91BC942}") = "015_relationalOp", "015_relationalOp\015_relationalOp.vcxproj", "{126E4540-AE2A-4561-A5A8-A88BB02E3136}"
EndProject
Project("{8BC9CEB8-8B4A-11D0-8D11-00A0C91BC942}") = "016_logicalOp", "016_logicalOp\016_logicalOp.vcxproj", "{CF3DD10D-33C0-4638-8A7B-CE27E0F37FEA}"
EndProject
Project("{8BC9CEB8-8B4A-11D0-8D11-00A0C91BC942}") = "017_scamf", "017_scamf\017_scamf.vcxproj", "{30062EB7-5C0C-4CE5-9574-5FC9A7BA7A97}"
EndProject
Project("{8BC9CEB8-8B4A-11D0-8D11-00A0C91BC942}") = "018_nextChar", "018_nextChar\018_nextChar.vcxproj", "{34BBCBD0-AEE8-4FEC-8278-992349B463A3}"
EndProject
Project("{8BC9CEB8-8B4A-11D0-8D11-00A0C91BC942}") = "019_evenOdd", "019_evenOdd\019_evenOdd.vcxproj", "{3D2282FC-6238-4690-862F-1136A180FE90}"
EndProject
Project("{8BC9CEB8-8B4A-11D0-8D11-00A0C91BC942}") = "020_plusMinus", "020_plusMinus\020_plusMinus.vcxproj", "{F6935802-359A-4AE8-B8BB-3D869E287D92}"
EndProject
Project("{8BC9CEB8-8B4A-11D0-8D11-00A0C91BC942}") = "021_descending", "021_descending\021_descending.vcxproj", "{58266EB3-C64A-4BC7-B8BD-4790844EBCD2}"
EndProject
Project("{8BC9CEB8-8B4A-11D0-8D11-00A0C91BC942}") = "022_menu", "022_menu\022_menu.vcxproj", "{039B9B38-95A4-4175-9DFE-FF0C29D26DA8}"
EndProject
Project("{8BC9CEB8-8B4A-11D0-8D11-00A0C91BC942}") = "023_switch", "023_swiych\023_swiych.vcxproj", "{0BBC9949-C8CD-4D8E-99F5-7FABD604E4EE}"
EndProject
Project("{8BC9CEB8-8B4A-11D0-8D11-00A0C91BC942}") = "024_while", "024_while\024_while.vcxproj", "{C1D57E48-A976-4C57-9DE9-102A12A7BD01}"
EndProject
Project("{8BC9CEB8-8B4A-11D0-8D11-00A0C91BC942}") = "025_doWhile", "025_doWhile\025_doWhile.vcxproj", "{2D4BC0F0-DAB6-4E6E-ADEB-651901130451}"
EndProject
Project("{8BC9CEB8-8B4A-11D0-8D11-00A0C91BC942}") = "026_menuLoop", "026_menuLoop\026_menuLoop.vcxproj", "{220B3DEF-2FB3-4AB7-B4E6-C72730476E99}"
EndProject
Project("{8BC9CEB8-8B4A-11D0-8D11-00A0C91BC942}") = "027_3Problems", "027_3Problems\027_3Problems.vcxproj", "{4E952EED-B15B-4709-A70E-F15059D263E5}"
EndProject
Project("{8BC9CEB8-8B4A-11D0-8D11-00A0C91BC942}") = "028_3ProblemsWithFor", "028_3ProblemsWithFor\028_3ProblemsWithFor.vcxproj", "{8A2A6D7C-9B0E-4FBF-B8A9-1BB7FEA50DAA}"
EndProject
Global
	GlobalSection(SolutionConfigurationPlatforms) = preSolution
		Debug|x64 = Debug|x64
		Debug|x86 = Debug|x86
		Release|x64 = Release|x64
		Release|x86 = Release|x86
	EndGlobalSection
	GlobalSection(ProjectConfigurationPlatforms) = postSolution
		{9DE41A7A-D1EA-476E-82B9-202CE62AF41F}.Debug|x64.ActiveCfg = Debug|x64
		{9DE41A7A-D1EA-476E-82B9-202CE62AF41F}.Debug|x64.Build.0 = Debug|x64
		{9DE41A7A-D1EA-476E-82B9-202CE62AF41F}.Debug|x86.ActiveCfg = Debug|Win32
		{9DE41A7A-D1EA-476E-82B9-202CE62AF41F}.Debug|x86.Build.0 = Debug|Win32
		{9DE41A7A-D1EA-476E-82B9-202CE62AF41F}.Release|x64.ActiveCfg = Release|x64
		{9DE41A7A-D1EA-476E-82B9-202CE62AF41F}.Release|x64.Build.0 = Release|x64
		{9DE41A7A-D1EA-476E-82B9-202CE62AF41F}.Release|x86.ActiveCfg = Release|Win32
		{9DE41A7A-D1EA-476E-82B9-202CE62AF41F}.Release|x86.Build.0 = Release|Win32
		{C546B924-5EE0-49C8-9F77-666A1A7B10DF}.Debug|x64.ActiveCfg = Debug|x64
		{C546B924-5EE0-49C8-9F77-666A1A7B10DF}.Debug|x64.Build.0 = Debug|x64
		{C546B924-5EE0-49C8-9F77-666A1A7B10DF}.Debug|x86.ActiveCfg = Debug|Win32
		{C546B924-5EE0-49C8-9F77-666A1A7B10DF}.Debug|x86.Build.0 = Debug|Win32
		{C546B924-5EE0-49C8-9F77-666A1A7B10DF}.Release|x64.ActiveCfg = Release|x64
		{C546B924-5EE0-49C8-9F77-666A1A7B10DF}.Release|x64.Build.0 = Release|x64
		{C546B924-5EE0-49C8-9F77-666A1A7B10DF}.Release|x86.ActiveCfg = Release|Win32
		{C546B924-5EE0-49C8-9F77-666A1A7B10DF}.Release|x86.Build.0 = Release|Win32
		{426CF45F-4941-497A-A7C7-80D7F10FB97D}.Debug|x64.ActiveCfg = Debug|x64
		{426CF45F-4941-497A-A7C7-80D7F10FB97D}.Debug|x64.Build.0 = Debug|x64
		{426CF45F-4941-497A-A7C7-80D7F10FB97D}.Debug|x86.ActiveCfg = Debug|Win32
		{426CF45F-4941-497A-A7C7-80D7F10FB97D}.Debug|x86.Build.0 = Debug|Win32
		{426CF45F-4941-497A-A7C7-80D7F10FB97D}.Release|x64.ActiveCfg = Release|x64
		{426CF45F-4941-497A-A7C7-80D7F10FB97D}.Release|x64.Build.0 = Release|x64
		{426CF45F-4941-497A-A7C7-80D7F10FB97D}.Release|x86.ActiveCfg = Release|Win32
		{426CF45F-4941-497A-A7C7-80D7F10FB97D}.Release|x86.Build.0 = Release|Win32
		{0E116844-3BDE-43CB-B638-A6CC10CAADD5}.Debug|x64.ActiveCfg = Debug|x64
		{0E116844-3BDE-43CB-B638-A6CC10CAADD5}.Debug|x64.Build.0 = Debug|x64
		{0E116844-3BDE-43CB-B638-A6CC10CAADD5}.Debug|x86.ActiveCfg = Debug|Win32
		{0E116844-3BDE-43CB-B638-A6CC10CAADD5}.Debug|x86.Build.0 = Debug|Win32
		{0E116844-3BDE-43CB-B638-A6CC10CAADD5}.Release|x64.ActiveCfg = Release|x64
		{0E116844-3BDE-43CB-B638-A6CC10CAADD5}.Release|x64.Build.0 = Release|x64
		{0E116844-3BDE-43CB-B638-A6CC10CAADD5}.Release|x86.ActiveCfg = Release|Win32
		{0E116844-3BDE-43CB-B638-A6CC10CAADD5}.Release|x86.Build.0 = Release|Win32
		{0044DACC-2FED-4F6A-81B1-9604A96613B0}.Debug|x64.ActiveCfg = Debug|x64
		{0044DACC-2FED-4F6A-81B1-9604A96613B0}.Debug|x64.Build.0 = Debug|x64
		{0044DACC-2FED-4F6A-81B1-9604A96613B0}.Debug|x86.ActiveCfg = Debug|Win32
		{0044DACC-2FED-4F6A-81B1-9604A96613B0}.Debug|x86.Build.0 = Debug|Win32
		{0044DACC-2FED-4F6A-81B1-9604A96613B0}.Release|x64.ActiveCfg = Release|x64
		{0044DACC-2FED-4F6A-81B1-9604A96613B0}.Release|x64.Build.0 = Release|x64
		{0044DACC-2FED-4F6A-81B1-9604A96613B0}.Release|x86.ActiveCfg = Release|Win32
		{0044DACC-2FED-4F6A-81B1-9604A96613B0}.Release|x86.Build.0 = Release|Win32
		{CADD74B0-BD70-41C4-9E1D-B9CAF67D61F4}.Debug|x64.ActiveCfg = Debug|x64
		{CADD74B0-BD70-41C4-9E1D-B9CAF67D61F4}.Debug|x64.Build.0 = Debug|x64
		{CADD74B0-BD70-41C4-9E1D-B9CAF67D61F4}.Debug|x86.ActiveCfg = Debug|Win32
		{CADD74B0-BD70-41C4-9E1D-B9CAF67D61F4}.Debug|x86.Build.0 = Debug|Win32
		{CADD74B0-BD70-41C4-9E1D-B9CAF67D61F4}.Release|x64.ActiveCfg = Release|x64
		{CADD74B0-BD70-41C4-9E1D-B9CAF67D61F4}.Release|x64.Build.0 = Release|x64
		{CADD74B0-BD70-41C4-9E1D-B9CAF67D61F4}.Release|x86.ActiveCfg = Release|Win32
		{CADD74B0-BD70-41C4-9E1D-B9CAF67D61F4}.Release|x86.Build.0 = Release|Win32
		{8B381484-FEF9-4245-A988-57145E800255}.Debug|x64.ActiveCfg = Debug|x64
		{8B381484-FEF9-4245-A988-57145E800255}.Debug|x64.Build.0 = Debug|x64
		{8B381484-FEF9-4245-A988-57145E800255}.Debug|x86.ActiveCfg = Debug|Win32
		{8B381484-FEF9-4245-A988-57145E800255}.Debug|x86.Build.0 = Debug|Win32
		{8B381484-FEF9-4245-A988-57145E800255}.Release|x64.ActiveCfg = Release|x64
		{8B381484-FEF9-4245-A988-57145E800255}.Release|x64.Build.0 = Release|x64
		{8B381484-FEF9-4245-A988-57145E800255}.Release|x86.ActiveCfg = Release|Win32
		{8B381484-FEF9-4245-A988-57145E800255}.Release|x86.Build.0 = Release|Win32
		{C35997D3-8162-4873-8D26-8A5550C37F4F}.Debug|x64.ActiveCfg = Debug|x64
		{C35997D3-8162-4873-8D26-8A5550C37F4F}.Debug|x64.Build.0 = Debug|x64
		{C35997D3-8162-4873-8D26-8A5550C37F4F}.Debug|x86.ActiveCfg = Debug|Win32
		{C35997D3-8162-4873-8D26-8A5550C37F4F}.Debug|x86.Build.0 = Debug|Win32
		{C35997D3-8162-4873-8D26-8A5550C37F4F}.Release|x64.ActiveCfg = Release|x64
		{C35997D3-8162-4873-8D26-8A5550C37F4F}.Release|x64.Build.0 = Release|x64
		{C35997D3-8162-4873-8D26-8A5550C37F4F}.Release|x86.ActiveCfg = Release|Win32
		{C35997D3-8162-4873-8D26-8A5550C37F4F}.Release|x86.Build.0 = Release|Win32
		{306F61C1-475E-4922-9C76-6F496C05605C}.Debug|x64.ActiveCfg = Debug|x64
		{306F61C1-475E-4922-9C76-6F496C05605C}.Debug|x64.Build.0 = Debug|x64
		{306F61C1-475E-4922-9C76-6F496C05605C}.Debug|x86.ActiveCfg = Debug|Win32
		{306F61C1-475E-4922-9C76-6F496C05605C}.Debug|x86.Build.0 = Debug|Win32
		{306F61C1-475E-4922-9C76-6F496C05605C}.Release|x64.ActiveCfg = Release|x64
		{306F61C1-475E-4922-9C76-6F496C05605C}.Release|x64.Build.0 = Release|x64
		{306F61C1-475E-4922-9C76-6F496C05605C}.Release|x86.ActiveCfg = Release|Win32
		{306F61C1-475E-4922-9C76-6F496C05605C}.Release|x86.Build.0 = Release|Win32
		{20436A85-7DF1-423E-AD62-752498F18689}.Debug|x64.ActiveCfg = Debug|x64
		{20436A85-7DF1-423E-AD62-752498F18689}.Debug|x64.Build.0 = Debug|x64
		{20436A85-7DF1-423E-AD62-752498F18689}.Debug|x86.ActiveCfg = Debug|Win32
		{20436A85-7DF1-423E-AD62-752498F18689}.Debug|x86.Build.0 = Debug|Win32
		{20436A85-7DF1-423E-AD62-752498F18689}.Release|x64.ActiveCfg = Release|x64
		{20436A85-7DF1-423E-AD62-752498F18689}.Release|x64.Build.0 = Release|x64
		{20436A85-7DF1-423E-AD62-752498F18689}.Release|x86.ActiveCfg = Release|Win32
		{20436A85-7DF1-423E-AD62-752498F18689}.Release|x86.Build.0 = Release|Win32
		{4A4B55DB-B27B-4FC8-B389-5BA8C9A0BC8D}.Debug|x64.ActiveCfg = Debug|x64
		{4A4B55DB-B27B-4FC8-B389-5BA8C9A0BC8D}.Debug|x64.Build.0 = Debug|x64
		{4A4B55DB-B27B-4FC8-B389-5BA8C9A0BC8D}.Debug|x86.ActiveCfg = Debug|Win32
		{4A4B55DB-B27B-4FC8-B389-5BA8C9A0BC8D}.Debug|x86.Build.0 = Debug|Win32
		{4A4B55DB-B27B-4FC8-B389-5BA8C9A0BC8D}.Release|x64.ActiveCfg = Release|x64
		{4A4B55DB-B27B-4FC8-B389-5BA8C9A0BC8D}.Release|x64.Build.0 = Release|x64
		{4A4B55DB-B27B-4FC8-B389-5BA8C9A0BC8D}.Release|x86.ActiveCfg = Release|Win32
		{4A4B55DB-B27B-4FC8-B389-5BA8C9A0BC8D}.Release|x86.Build.0 = Release|Win32
		{FE65D4F9-2E5C-4103-BCF6-A31ABA2EC2EA}.Debug|x64.ActiveCfg = Debug|x64
		{FE65D4F9-2E5C-4103-BCF6-A31ABA2EC2EA}.Debug|x64.Build.0 = Debug|x64
		{FE65D4F9-2E5C-4103-BCF6-A31ABA2EC2EA}.Debug|x86.ActiveCfg = Debug|Win32
		{FE65D4F9-2E5C-4103-BCF6-A31ABA2EC2EA}.Debug|x86.Build.0 = Debug|Win32
		{FE65D4F9-2E5C-4103-BCF6-A31ABA2EC2EA}.Release|x64.ActiveCfg = Release|x64
		{FE65D4F9-2E5C-4103-BCF6-A31ABA2EC2EA}.Release|x64.Build.0 = Release|x64
		{FE65D4F9-2E5C-4103-BCF6-A31ABA2EC2EA}.Release|x86.ActiveCfg = Release|Win32
		{FE65D4F9-2E5C-4103-BCF6-A31ABA2EC2EA}.Release|x86.Build.0 = Release|Win32
		{F49325FC-F0BE-434A-A627-F6FC60000ADF}.Debug|x64.ActiveCfg = Debug|x64
		{F49325FC-F0BE-434A-A627-F6FC60000ADF}.Debug|x64.Build.0 = Debug|x64
		{F49325FC-F0BE-434A-A627-F6FC60000ADF}.Debug|x86.ActiveCfg = Debug|Win32
		{F49325FC-F0BE-434A-A627-F6FC60000ADF}.Debug|x86.Build.0 = Debug|Win32
		{F49325FC-F0BE-434A-A627-F6FC60000ADF}.Release|x64.ActiveCfg = Release|x64
		{F49325FC-F0BE-434A-A627-F6FC60000ADF}.Release|x64.Build.0 = Release|x64
		{F49325FC-F0BE-434A-A627-F6FC60000ADF}.Release|x86.ActiveCfg = Release|Win32
		{F49325FC-F0BE-434A-A627-F6FC60000ADF}.Release|x86.Build.0 = Release|Win32
		{91B9A17B-6452-41E0-9F4F-B9AD07C201CF}.Debug|x64.ActiveCfg = Debug|x64
		{91B9A17B-6452-41E0-9F4F-B9AD07C201CF}.Debug|x64.Build.0 = Debug|x64
		{91B9A17B-6452-41E0-9F4F-B9AD07C201CF}.Debug|x86.ActiveCfg = Debug|Win32
		{91B9A17B-6452-41E0-9F4F-B9AD07C201CF}.Debug|x86.Build.0 = Debug|Win32
		{91B9A17B-6452-41E0-9F4F-B9AD07C201CF}.Release|x64.ActiveCfg = Release|x64
		{91B9A17B-6452-41E0-9F4F-B9AD07C201CF}.Release|x64.Build.0 = Release|x64
		{91B9A17B-6452-41E0-9F4F-B9AD07C201CF}.Release|x86.ActiveCfg = Release|Win32
		{91B9A17B-6452-41E0-9F4F-B9AD07C201CF}.Release|x86.Build.0 = Release|Win32
		{126E4540-AE2A-4561-A5A8-A88BB02E3136}.Debug|x64.ActiveCfg = Debug|x64
		{126E4540-AE2A-4561-A5A8-A88BB02E3136}.Debug|x64.Build.0 = Debug|x64
		{126E4540-AE2A-4561-A5A8-A88BB02E3136}.Debug|x86.ActiveCfg = Debug|Win32
		{126E4540-AE2A-4561-A5A8-A88BB02E3136}.Debug|x86.Build.0 = Debug|Win32
		{126E4540-AE2A-4561-A5A8-A88BB02E3136}.Release|x64.ActiveCfg = Release|x64
		{126E4540-AE2A-4561-A5A8-A88BB02E3136}.Release|x64.Build.0 = Release|x64
		{126E4540-AE2A-4561-A5A8-A88BB02E3136}.Release|x86.ActiveCfg = Release|Win32
		{126E4540-AE2A-4561-A5A8-A88BB02E3136}.Release|x86.Build.0 = Release|Win32
		{CF3DD10D-33C0-4638-8A7B-CE27E0F37FEA}.Debug|x64.ActiveCfg = Debug|x64
		{CF3DD10D-33C0-4638-8A7B-CE27E0F37FEA}.Debug|x64.Build.0 = Debug|x64
		{CF3DD10D-33C0-4638-8A7B-CE27E0F37FEA}.Debug|x86.ActiveCfg = Debug|Win32
		{CF3DD10D-33C0-4638-8A7B-CE27E0F37FEA}.Debug|x86.Build.0 = Debug|Win32
		{CF3DD10D-33C0-4638-8A7B-CE27E0F37FEA}.Release|x64.ActiveCfg = Release|x64
		{CF3DD10D-33C0-4638-8A7B-CE27E0F37FEA}.Release|x64.Build.0 = Release|x64
		{CF3DD10D-33C0-4638-8A7B-CE27E0F37FEA}.Release|x86.ActiveCfg = Release|Win32
		{CF3DD10D-33C0-4638-8A7B-CE27E0F37FEA}.Release|x86.Build.0 = Release|Win32
		{30062EB7-5C0C-4CE5-9574-5FC9A7BA7A97}.Debug|x64.ActiveCfg = Debug|x64
		{30062EB7-5C0C-4CE5-9574-5FC9A7BA7A97}.Debug|x64.Build.0 = Debug|x64
		{30062EB7-5C0C-4CE5-9574-5FC9A7BA7A97}.Debug|x86.ActiveCfg = Debug|Win32
		{30062EB7-5C0C-4CE5-9574-5FC9A7BA7A97}.Debug|x86.Build.0 = Debug|Win32
		{30062EB7-5C0C-4CE5-9574-5FC9A7BA7A97}.Release|x64.ActiveCfg = Release|x64
		{30062EB7-5C0C-4CE5-9574-5FC9A7BA7A97}.Release|x64.Build.0 = Release|x64
		{30062EB7-5C0C-4CE5-9574-5FC9A7BA7A97}.Release|x86.ActiveCfg = Release|Win32
		{30062EB7-5C0C-4CE5-9574-5FC9A7BA7A97}.Release|x86.Build.0 = Release|Win32
		{34BBCBD0-AEE8-4FEC-8278-992349B463A3}.Debug|x64.ActiveCfg = Debug|x64
		{34BBCBD0-AEE8-4FEC-8278-992349B463A3}.Debug|x64.Build.0 = Debug|x64
		{34BBCBD0-AEE8-4FEC-8278-992349B463A3}.Debug|x86.ActiveCfg = Debug|Win32
		{34BBCBD0-AEE8-4FEC-8278-992349B463A3}.Debug|x86.Build.0 = Debug|Win32
		{34BBCBD0-AEE8-4FEC-8278-992349B463A3}.Release|x64.ActiveCfg = Release|x64
		{34BBCBD0-AEE8-4FEC-8278-992349B463A3}.Release|x64.Build.0 = Release|x64
		{34BBCBD0-AEE8-4FEC-8278-992349B463A3}.Release|x86.ActiveCfg = Release|Win32
		{34BBCBD0-AEE8-4FEC-8278-992349B463A3}.Release|x86.Build.0 = Release|Win32
		{3D2282FC-6238-4690-862F-1136A180FE90}.Debug|x64.ActiveCfg = Debug|x64
		{3D2282FC-6238-4690-862F-1136A180FE90}.Debug|x64.Build.0 = Debug|x64
		{3D2282FC-6238-4690-862F-1136A180FE90}.Debug|x86.ActiveCfg = Debug|Win32
		{3D2282FC-6238-4690-862F-1136A180FE90}.Debug|x86.Build.0 = Debug|Win32
		{3D2282FC-6238-4690-862F-1136A180FE90}.Release|x64.ActiveCfg = Release|x64
		{3D2282FC-6238-4690-862F-1136A180FE90}.Release|x64.Build.0 = Release|x64
		{3D2282FC-6238-4690-862F-1136A180FE90}.Release|x86.ActiveCfg = Release|Win32
		{3D2282FC-6238-4690-862F-1136A180FE90}.Release|x86.Build.0 = Release|Win32
		{F6935802-359A-4AE8-B8BB-3D869E287D92}.Debug|x64.ActiveCfg = Debug|x64
		{F6935802-359A-4AE8-B8BB-3D869E287D92}.Debug|x64.Build.0 = Debug|x64
		{F6935802-359A-4AE8-B8BB-3D869E287D92}.Debug|x86.ActiveCfg = Debug|Win32
		{F6935802-359A-4AE8-B8BB-3D869E287D92}.Debug|x86.Build.0 = Debug|Win32
		{F6935802-359A-4AE8-B8BB-3D869E287D92}.Release|x64.ActiveCfg = Release|x64
		{F6935802-359A-4AE8-B8BB-3D869E287D92}.Release|x64.Build.0 = Release|x64
		{F6935802-359A-4AE8-B8BB-3D869E287D92}.Release|x86.ActiveCfg = Release|Win32
		{F6935802-359A-4AE8-B8BB-3D869E287D92}.Release|x86.Build.0 = Release|Win32
		{58266EB3-C64A-4BC7-B8BD-4790844EBCD2}.Debug|x64.ActiveCfg = Debug|x64
		{58266EB3-C64A-4BC7-B8BD-4790844EBCD2}.Debug|x64.Build.0 = Debug|x64
		{58266EB3-C64A-4BC7-B8BD-4790844EBCD2}.Debug|x86.ActiveCfg = Debug|Win32
		{58266EB3-C64A-4BC7-B8BD-4790844EBCD2}.Debug|x86.Build.0 = Debug|Win32
		{58266EB3-C64A-4BC7-B8BD-4790844EBCD2}.Release|x64.ActiveCfg = Release|x64
		{58266EB3-C64A-4BC7-B8BD-4790844EBCD2}.Release|x64.Build.0 = Release|x64
		{58266EB3-C64A-4BC7-B8BD-4790844EBCD2}.Release|x86.ActiveCfg = Release|Win32
		{58266EB3-C64A-4BC7-B8BD-4790844EBCD2}.Release|x86.Build.0 = Release|Win32
		{039B9B38-95A4-4175-9DFE-FF0C29D26DA8}.Debug|x64.ActiveCfg = Debug|x64
		{039B9B38-95A4-4175-9DFE-FF0C29D26DA8}.Debug|x64.Build.0 = Debug|x64
		{039B9B38-95A4-4175-9DFE-FF0C29D26DA8}.Debug|x86.ActiveCfg = Debug|Win32
		{039B9B38-95A4-4175-9DFE-FF0C29D26DA8}.Debug|x86.Build.0 = Debug|Win32
		{039B9B38-95A4-4175-9DFE-FF0C29D26DA8}.Release|x64.ActiveCfg = Release|x64
		{039B9B38-95A4-4175-9DFE-FF0C29D26DA8}.Release|x64.Build.0 = Release|x64
		{039B9B38-95A4-4175-9DFE-FF0C29D26DA8}.Release|x86.ActiveCfg = Release|Win32
		{039B9B38-95A4-4175-9DFE-FF0C29D26DA8}.Release|x86.Build.0 = Release|Win32
		{0BBC9949-C8CD-4D8E-99F5-7FABD604E4EE}.Debug|x64.ActiveCfg = Debug|x64
		{0BBC9949-C8CD-4D8E-99F5-7FABD604E4EE}.Debug|x64.Build.0 = Debug|x64
		{0BBC9949-C8CD-4D8E-99F5-7FABD604E4EE}.Debug|x86.ActiveCfg = Debug|Win32
		{0BBC9949-C8CD-4D8E-99F5-7FABD604E4EE}.Debug|x86.Build.0 = Debug|Win32
		{0BBC9949-C8CD-4D8E-99F5-7FABD604E4EE}.Release|x64.ActiveCfg = Release|x64
		{0BBC9949-C8CD-4D8E-99F5-7FABD604E4EE}.Release|x64.Build.0 = Release|x64
		{0BBC9949-C8CD-4D8E-99F5-7FABD604E4EE}.Release|x86.ActiveCfg = Release|Win32
		{0BBC9949-C8CD-4D8E-99F5-7FABD604E4EE}.Release|x86.Build.0 = Release|Win32
		{C1D57E48-A976-4C57-9DE9-102A12A7BD01}.Debug|x64.ActiveCfg = Debug|x64
		{C1D57E48-A976-4C57-9DE9-102A12A7BD01}.Debug|x64.Build.0 = Debug|x64
		{C1D57E48-A976-4C57-9DE9-102A12A7BD01}.Debug|x86.ActiveCfg = Debug|Win32
		{C1D57E48-A976-4C57-9DE9-102A12A7BD01}.Debug|x86.Build.0 = Debug|Win32
		{C1D57E48-A976-4C57-9DE9-102A12A7BD01}.Release|x64.ActiveCfg = Release|x64
		{C1D57E48-A976-4C57-9DE9-102A12A7BD01}.Release|x64.Build.0 = Release|x64
		{C1D57E48-A976-4C57-9DE9-102A12A7BD01}.Release|x86.ActiveCfg = Release|Win32
		{C1D57E48-A976-4C57-9DE9-102A12A7BD01}.Release|x86.Build.0 = Release|Win32
		{2D4BC0F0-DAB6-4E6E-ADEB-651901130451}.Debug|x64.ActiveCfg = Debug|x64
		{2D4BC0F0-DAB6-4E6E-ADEB-651901130451}.Debug|x64.Build.0 = Debug|x64
		{2D4BC0F0-DAB6-4E6E-ADEB-651901130451}.Debug|x86.ActiveCfg = Debug|Win32
		{2D4BC0F0-DAB6-4E6E-ADEB-651901130451}.Debug|x86.Build.0 = Debug|Win32
		{2D4BC0F0-DAB6-4E6E-ADEB-651901130451}.Release|x64.ActiveCfg = Release|x64
		{2D4BC0F0-DAB6-4E6E-ADEB-651901130451}.Release|x64.Build.0 = Release|x64
		{2D4BC0F0-DAB6-4E6E-ADEB-651901130451}.Release|x86.ActiveCfg = Release|Win32
		{2D4BC0F0-DAB6-4E6E-ADEB-651901130451}.Release|x86.Build.0 = Release|Win32
		{220B3DEF-2FB3-4AB7-B4E6-C72730476E99}.Debug|x64.ActiveCfg = Debug|x64
		{220B3DEF-2FB3-4AB7-B4E6-C72730476E99}.Debug|x64.Build.0 = Debug|x64
		{220B3DEF-2FB3-4AB7-B4E6-C72730476E99}.Debug|x86.ActiveCfg = Debug|Win32
		{220B3DEF-2FB3-4AB7-B4E6-C72730476E99}.Debug|x86.Build.0 = Debug|Win32
		{220B3DEF-2FB3-4AB7-B4E6-C72730476E99}.Release|x64.ActiveCfg = Release|x64
		{220B3DEF-2FB3-4AB7-B4E6-C72730476E99}.Release|x64.Build.0 = Release|x64
		{220B3DEF-2FB3-4AB7-B4E6-C72730476E99}.Release|x86.ActiveCfg = Release|Win32
		{220B3DEF-2FB3-4AB7-B4E6-C72730476E99}.Release|x86.Build.0 = Release|Win32
		{4E952EED-B15B-4709-A70E-F15059D263E5}.Debug|x64.ActiveCfg = Debug|x64
		{4E952EED-B15B-4709-A70E-F15059D263E5}.Debug|x64.Build.0 = Debug|x64
		{4E952EED-B15B-4709-A70E-F15059D263E5}.Debug|x86.ActiveCfg = Debug|Win32
		{4E952EED-B15B-4709-A70E-F15059D263E5}.Debug|x86.Build.0 = Debug|Win32
		{4E952EED-B15B-4709-A70E-F15059D263E5}.Release|x64.ActiveCfg = Release|x64
		{4E952EED-B15B-4709-A70E-F15059D263E5}.Release|x64.Build.0 = Release|x64
		{4E952EED-B15B-4709-A70E-F15059D263E5}.Release|x86.ActiveCfg = Release|Win32
		{4E952EED-B15B-4709-A70E-F15059D263E5}.Release|x86.Build.0 = Release|Win32
		{8A2A6D7C-9B0E-4FBF-B8A9-1BB7FEA50DAA}.Debug|x64.ActiveCfg = Debug|x64
		{8A2A6D7C-9B0E-4FBF-B8A9-1BB7FEA50DAA}.Debug|x64.Build.0 = Debug|x64
		{8A2A6D7C-9B0E-4FBF-B8A9-1BB7FEA50DAA}.Debug|x86.ActiveCfg = Debug|Win32
		{8A2A6D7C-9B0E-4FBF-B8A9-1BB7FEA50DAA}.Debug|x86.Build.0 = Debug|Win32
		{8A2A6D7C-9B0E-4FBF-B8A9-1BB7FEA50DAA}.Release|x64.ActiveCfg = Release|x64
		{8A2A6D7C-9B0E-4FBF-B8A9-1BB7FEA50DAA}.Release|x64.Build.0 = Release|x64
		{8A2A6D7C-9B0E-4FBF-B8A9-1BB7FEA50DAA}.Release|x86.ActiveCfg = Release|Win32
		{8A2A6D7C-9B0E-4FBF-B8A9-1BB7FEA50DAA}.Release|x86.Build.0 = Release|Win32
	EndGlobalSection
	GlobalSection(SolutionProperties) = preSolution
		HideSolutionNode = FALSE
	EndGlobalSection
	GlobalSection(ExtensibilityGlobals) = postSolution
		SolutionGuid = {FA0D77B1-5F83-4B93-847A-5E41DEA97C34}
	EndGlobalSection
EndGlobal
